
Microsoft Visual Studio Solution File, Format Version 12.00
# Visual Studio 2012
Project("{FAE04EC0-301F-11D3-BF4B-00C04F79EFBC}") = "RushR", "RushR\RushR.csproj", "{14924B54-79DF-444F-94A6-CBA7E22120DB}"
EndProject
Project("{2150E333-8FDC-42A3-9474-1A3956D46DE8}") = ".nuget", ".nuget", "{EFBA2E9E-71A7-41AF-9B74-190573B913FF}"
	ProjectSection(SolutionItems) = preProject
		.nuget\NuGet.Config = .nuget\NuGet.Config
		.nuget\NuGet.exe = .nuget\NuGet.exe
		.nuget\NuGet.targets = .nuget\NuGet.targets
	EndProjectSection
EndProject
Global
	GlobalSection(SolutionConfigurationPlatforms) = preSolution
		Debug|Any CPU = Debug|Any CPU
		Release|Any CPU = Release|Any CPU
	EndGlobalSection
	GlobalSection(ProjectConfigurationPlatforms) = postSolution
		{14924B54-79DF-444F-94A6-CBA7E22120DB}.Debug|Any CPU.ActiveCfg = Debug|Any CPU
		{14924B54-79DF-444F-94A6-CBA7E22120DB}.Debug|Any CPU.Build.0 = Debug|Any CPU
		{14924B54-79DF-444F-94A6-CBA7E22120DB}.Release|Any CPU.ActiveCfg = Release|Any CPU
		{14924B54-79DF-444F-94A6-CBA7E22120DB}.Release|Any CPU.Build.0 = Release|Any CPU
	EndGlobalSection
	GlobalSection(SolutionProperties) = preSolution
		HideSolutionNode = FALSE
	EndGlobalSection
EndGlobal
